
Microsoft Visual Studio Solution File, Format Version 12.00
# Visual Studio Version 17
VisualStudioVersion = 17.11.35327.3
MinimumVisualStudioVersion = 10.0.40219.1
Project("{FAE04EC0-301F-11D3-BF4B-00C04F79EFBC}") = "MVC_CRUD", "MVC_CRUD.csproj", "{7A178076-E52C-4B5B-9873-72E5CAB22744}"
EndProject
Global
	GlobalSection(SolutionConfigurationPlatforms) = preSolution
		Debug|Any CPU = Debug|Any CPU
		Release|Any CPU = Release|Any CPU
	EndGlobalSection
	GlobalSection(ProjectConfigurationPlatforms) = postSolution
		{7A178076-E52C-4B5B-9873-72E5CAB22744}.Debug|Any CPU.ActiveCfg = Debug|Any CPU
		{7A178076-E52C-4B5B-9873-72E5CAB22744}.Debug|Any CPU.Build.0 = Debug|Any CPU
		{7A178076-E52C-4B5B-9873-72E5CAB22744}.Release|Any CPU.ActiveCfg = Release|Any CPU
		{7A178076-E52C-4B5B-9873-72E5CAB22744}.Release|Any CPU.Build.0 = Release|Any CPU
	EndGlobalSection
	GlobalSection(SolutionProperties) = preSolution
		HideSolutionNode = FALSE
	EndGlobalSection
	GlobalSection(ExtensibilityGlobals) = postSolution
		SolutionGuid = {027B3136-23FA-45C3-BA15-80202A115BF7}
	EndGlobalSection
EndGlobal
